{
  "requires": true,
  "lockfileVersion": 1,
  "dependencies": {
    "cordova-plugin-bluetooth-serial": {
      "version": "0.4.7",
      "resolved": "https://registry.npmjs.org/cordova-plugin-bluetooth-serial/-/cordova-plugin-bluetooth-serial-0.4.7.tgz",
      "integrity": "sha1-HkYG7G1Ct8I/YKdKh8fEpOw4KMA="
    },
    "cordova-plugin-bluetooth-status": {
      "version": "1.0.4",
      "resolved": "https://registry.npmjs.org/cordova-plugin-bluetooth-status/-/cordova-plugin-bluetooth-status-1.0.4.tgz",
      "integrity": "sha1-FMtR5CP8Of8AtAkIlU+8oAXDUU0="
    }
  }
}
